
Microsoft Visual Studio Solution File, Format Version 12.00
# Visual Studio Version 16
VisualStudioVersion = 16.0.29521.150
MinimumVisualStudioVersion = 10.0.40219.1
Project("{FAE04EC0-301F-11D3-BF4B-00C04F79EFBC}") = "RawRabbitPublisher", "RawRabbitPublisher\RawRabbitPublisher.csproj", "{96E36E65-D751-4311-BADB-09191EA39CE4}"
EndProject
Project("{FAE04EC0-301F-11D3-BF4B-00C04F79EFBC}") = "RawRabbitSubscriber", "RawRabbitSubscriber\RawRabbitSubscriber.csproj", "{628CC509-F5FB-49BB-9937-7CBEC11FDF00}"
EndProject
Global
	GlobalSection(SolutionConfigurationPlatforms) = preSolution
		Debug|Any CPU = Debug|Any CPU
		Release|Any CPU = Release|Any CPU
	EndGlobalSection
	GlobalSection(ProjectConfigurationPlatforms) = postSolution
		{96E36E65-D751-4311-BADB-09191EA39CE4}.Debug|Any CPU.ActiveCfg = Debug|Any CPU
		{96E36E65-D751-4311-BADB-09191EA39CE4}.Debug|Any CPU.Build.0 = Debug|Any CPU
		{96E36E65-D751-4311-BADB-09191EA39CE4}.Release|Any CPU.ActiveCfg = Release|Any CPU
		{96E36E65-D751-4311-BADB-09191EA39CE4}.Release|Any CPU.Build.0 = Release|Any CPU
		{628CC509-F5FB-49BB-9937-7CBEC11FDF00}.Debug|Any CPU.ActiveCfg = Debug|Any CPU
		{628CC509-F5FB-49BB-9937-7CBEC11FDF00}.Debug|Any CPU.Build.0 = Debug|Any CPU
		{628CC509-F5FB-49BB-9937-7CBEC11FDF00}.Release|Any CPU.ActiveCfg = Release|Any CPU
		{628CC509-F5FB-49BB-9937-7CBEC11FDF00}.Release|Any CPU.Build.0 = Release|Any CPU
	EndGlobalSection
	GlobalSection(SolutionProperties) = preSolution
		HideSolutionNode = FALSE
	EndGlobalSection
	GlobalSection(ExtensibilityGlobals) = postSolution
		SolutionGuid = {E40C7437-2E06-4B14-84BC-24211A491314}
	EndGlobalSection
EndGlobal
