
Microsoft Visual Studio Solution File, Format Version 12.00
# Visual Studio Version 16
VisualStudioVersion = 16.0.29102.190
MinimumVisualStudioVersion = 10.0.40219.1
Project("{FAE04EC0-301F-11D3-BF4B-00C04F79EFBC}") = "HangfireServer", "HangfireServer\HangfireServer.csproj", "{86616D85-2792-4669-B399-52814AAF42D0}"
EndProject
Project("{FAE04EC0-301F-11D3-BF4B-00C04F79EFBC}") = "HangfireClient", "HangfireClient\HangfireClient.csproj", "{2826C7D6-A859-4C79-833D-FC016A7373D8}"
EndProject
Global
	GlobalSection(SolutionConfigurationPlatforms) = preSolution
		Debug|Any CPU = Debug|Any CPU
		Release|Any CPU = Release|Any CPU
	EndGlobalSection
	GlobalSection(ProjectConfigurationPlatforms) = postSolution
		{86616D85-2792-4669-B399-52814AAF42D0}.Debug|Any CPU.ActiveCfg = Debug|Any CPU
		{86616D85-2792-4669-B399-52814AAF42D0}.Debug|Any CPU.Build.0 = Debug|Any CPU
		{86616D85-2792-4669-B399-52814AAF42D0}.Release|Any CPU.ActiveCfg = Release|Any CPU
		{86616D85-2792-4669-B399-52814AAF42D0}.Release|Any CPU.Build.0 = Release|Any CPU
		{2826C7D6-A859-4C79-833D-FC016A7373D8}.Debug|Any CPU.ActiveCfg = Debug|Any CPU
		{2826C7D6-A859-4C79-833D-FC016A7373D8}.Debug|Any CPU.Build.0 = Debug|Any CPU
		{2826C7D6-A859-4C79-833D-FC016A7373D8}.Release|Any CPU.ActiveCfg = Release|Any CPU
		{2826C7D6-A859-4C79-833D-FC016A7373D8}.Release|Any CPU.Build.0 = Release|Any CPU
	EndGlobalSection
	GlobalSection(SolutionProperties) = preSolution
		HideSolutionNode = FALSE
	EndGlobalSection
	GlobalSection(ExtensibilityGlobals) = postSolution
		SolutionGuid = {7607273A-E731-4227-A249-87E333EBA68B}
	EndGlobalSection
EndGlobal
