
Microsoft Visual Studio Solution File, Format Version 12.00
# Visual Studio Version 16
VisualStudioVersion = 16.0.29025.244
MinimumVisualStudioVersion = 10.0.40219.1
Project("{9A19103F-16F7-4668-BE54-9A1E7A4F7556}") = "SentryTest", "SentryTest\SentryTest.csproj", "{331B6880-E8C9-4B8A-BE28-EA96A542E1D9}"
EndProject
Project("{9A19103F-16F7-4668-BE54-9A1E7A4F7556}") = "PollyTest", "PollyTest\PollyTest.csproj", "{2EAC4B14-ED3E-4E95-9F1A-A0370C70C045}"
EndProject
Project("{9A19103F-16F7-4668-BE54-9A1E7A4F7556}") = "HttpClientRequestTest", "HttpClientRequestTest\HttpClientRequestTest.csproj", "{BB343A97-DE13-4BF2-A84C-897EE01EB8EF}"
EndProject
Project("{9A19103F-16F7-4668-BE54-9A1E7A4F7556}") = "SerilogTest", "SerilogTest\SerilogTest.csproj", "{A2372507-E5AF-40F9-B154-FA38F5323648}"
EndProject
Project("{9A19103F-16F7-4668-BE54-9A1E7A4F7556}") = "SeleniumTest", "SeleniumTest\SeleniumTest.csproj", "{B0D0DB04-B47D-4930-B242-C37CA412F078}"
EndProject
Project("{9A19103F-16F7-4668-BE54-9A1E7A4F7556}") = "KafkaTest", "KafkaTest\KafkaTest.csproj", "{96D8C7B6-1B3F-4382-9046-41FABF874423}"
EndProject
Project("{9A19103F-16F7-4668-BE54-9A1E7A4F7556}") = "OpenCVSharpTest", "OpenCVSharpTest\OpenCVSharpTest.csproj", "{8E39B33D-9B83-4120-A98F-2FAA5B26E165}"
EndProject
Project("{9A19103F-16F7-4668-BE54-9A1E7A4F7556}") = "ElasticsearchTest", "ElasticsearchTest\ElasticsearchTest.csproj", "{E5B7B0DA-6E5B-4025-8EB3-4AA46FEEDF5B}"
EndProject
Project("{9A19103F-16F7-4668-BE54-9A1E7A4F7556}") = "GenFuTest", "GenFuTest\GenFuTest.csproj", "{E643973C-04D3-4CFF-9552-04A955E92E7F}"
EndProject
Project("{9A19103F-16F7-4668-BE54-9A1E7A4F7556}") = "BogusTest", "BogusTest\BogusTest.csproj", "{4BE28AD6-7131-4F7D-B564-3D2B25620EE3}"
EndProject
Project("{9A19103F-16F7-4668-BE54-9A1E7A4F7556}") = "NatsTest", "NatsTest\NatsTest.csproj", "{E03925A3-D5FE-4566-BAD8-595B45790FDB}"
EndProject
Project("{9A19103F-16F7-4668-BE54-9A1E7A4F7556}") = "DnsClientTest", "DnsClientTest\DnsClientTest.csproj", "{B2B5DA92-7BAF-446F-B1BA-6EFD416DDB9E}"
EndProject
Project("{9A19103F-16F7-4668-BE54-9A1E7A4F7556}") = "VaultSharpTest", "VaultSharpTest\VaultSharpTest.csproj", "{299CCB16-27F1-4CC1-8B64-761DF6218C62}"
EndProject
Project("{9A19103F-16F7-4668-BE54-9A1E7A4F7556}") = "MailKitTest", "MailKitTest\MailKitTest.csproj", "{030E791B-A4E0-4165-A56E-A2721010D6F9}"
EndProject
Project("{9A19103F-16F7-4668-BE54-9A1E7A4F7556}") = "BenchmarkDotNetTest", "BenchmarkDotNetTest\BenchmarkDotNetTest.csproj", "{7142F020-EDB2-47B7-A66C-43CF523C0744}"
EndProject
Project("{9A19103F-16F7-4668-BE54-9A1E7A4F7556}") = "FluentEmailTest", "FluentEmailTest\FluentEmailTest.csproj", "{5D3C1BEE-E8E0-4448-9FC9-126488BCF55D}"
EndProject
Project("{9A19103F-16F7-4668-BE54-9A1E7A4F7556}") = "MetadataExtractorTest", "MetadataExtractorTest\MetadataExtractorTest.csproj", "{E1540FCE-E1D3-41E9-9438-46D9061FDDC7}"
EndProject
Project("{9A19103F-16F7-4668-BE54-9A1E7A4F7556}") = "HumanizerTest", "HumanizerTest\HumanizerTest.csproj", "{1995CA04-712E-41C0-9535-2DF6EBD217E3}"
EndProject
Project("{9A19103F-16F7-4668-BE54-9A1E7A4F7556}") = "GuardTest", "GuardTest\GuardTest.csproj", "{21580F42-37E4-4994-9BF1-C258199B5926}"
EndProject
Project("{9A19103F-16F7-4668-BE54-9A1E7A4F7556}") = "FlakeNewIdTest", "FlakeNewIdTest\FlakeNewIdTest.csproj", "{8AA673D5-AE84-4E24-A022-293EAD5CB0E0}"
EndProject
Project("{9A19103F-16F7-4668-BE54-9A1E7A4F7556}") = "SkiaSharpTest", "SkiaSharpTest\SkiaSharpTest.csproj", "{D867A4A3-9104-458A-8911-9BB412B9A298}"
EndProject
Project("{9A19103F-16F7-4668-BE54-9A1E7A4F7556}") = "IPNetwork2Test", "IPNetwork2Test\IPNetwork2Test.csproj", "{D3E3654D-D63D-426A-BCAA-5E80F9EF07C2}"
EndProject
Project("{9A19103F-16F7-4668-BE54-9A1E7A4F7556}") = "DinkToPdfTest", "DinkToPdfTest\DinkToPdfTest.csproj", "{E60C1EC4-399D-45FF-9A62-26023D2A43D6}"
EndProject
Project("{9A19103F-16F7-4668-BE54-9A1E7A4F7556}") = "QuartzNetTest", "QuartzNetTest\QuartzNetTest.csproj", "{3D92F93E-E661-49FA-AE9F-9E74CFD3919A}"
EndProject
Project("{9A19103F-16F7-4668-BE54-9A1E7A4F7556}") = "MoreLinqTest", "MoreLinqTest\MoreLinqTest.csproj", "{4FE140AF-CF1F-414D-9A47-A25E5B5484CB}"
EndProject
Project("{9A19103F-16F7-4668-BE54-9A1E7A4F7556}") = "CastleDynamicProxyTest", "CastleDynamicProxyTest\CastleDynamicProxyTest.csproj", "{4AF1D1BD-BE86-4E5C-B0A3-8CB03AA0D4E0}"
EndProject
Project("{9A19103F-16F7-4668-BE54-9A1E7A4F7556}") = "AngleSharpTest", "AngleSharpTest\AngleSharpTest.csproj", "{08F0CD41-8C9F-4E8C-BF7A-EFFF1B675D1E}"
EndProject
Project("{9A19103F-16F7-4668-BE54-9A1E7A4F7556}") = "RssReaderTest", "RssReaderTest\RssReaderTest.csproj", "{3625DB74-E3E4-4098-8E31-38787E8162EC}"
EndProject
Project("{9A19103F-16F7-4668-BE54-9A1E7A4F7556}") = "HtmlAgilityPackTest", "HtmlAgilityPackTest\HtmlAgilityPackTest.csproj", "{74094B6A-D36E-4B42-AE95-8AEA548FA7C7}"
EndProject
Project("{9A19103F-16F7-4668-BE54-9A1E7A4F7556}") = "ThreadingChannelTest", "ThreadingChannelTest\ThreadingChannelTest.csproj", "{E63CD572-BAAA-4365-8228-E3AB96778CA1}"
EndProject
Project("{9A19103F-16F7-4668-BE54-9A1E7A4F7556}") = "PerformanceCounterTest", "PerformanceCounterTest\PerformanceCounterTest.csproj", "{13264A9A-0C0C-46EB-984B-9290E371E298}"
EndProject
Project("{9A19103F-16F7-4668-BE54-9A1E7A4F7556}") = "MongoTest", "MongoTest\MongoTest.csproj", "{E68E86D1-CD53-4D02-B1BA-043A08AB510B}"
EndProject
Project("{FAE04EC0-301F-11D3-BF4B-00C04F79EFBC}") = "SystemTextJsonTest", "SystemTextJsonTest\SystemTextJsonTest.csproj", "{CB593017-1D45-490D-9436-0D4A7D865D56}"
EndProject
Global
	GlobalSection(SolutionConfigurationPlatforms) = preSolution
		Debug|Any CPU = Debug|Any CPU
		Release|Any CPU = Release|Any CPU
	EndGlobalSection
	GlobalSection(ProjectConfigurationPlatforms) = postSolution
		{331B6880-E8C9-4B8A-BE28-EA96A542E1D9}.Debug|Any CPU.ActiveCfg = Debug|Any CPU
		{331B6880-E8C9-4B8A-BE28-EA96A542E1D9}.Debug|Any CPU.Build.0 = Debug|Any CPU
		{331B6880-E8C9-4B8A-BE28-EA96A542E1D9}.Release|Any CPU.ActiveCfg = Release|Any CPU
		{331B6880-E8C9-4B8A-BE28-EA96A542E1D9}.Release|Any CPU.Build.0 = Release|Any CPU
		{2EAC4B14-ED3E-4E95-9F1A-A0370C70C045}.Debug|Any CPU.ActiveCfg = Debug|Any CPU
		{2EAC4B14-ED3E-4E95-9F1A-A0370C70C045}.Debug|Any CPU.Build.0 = Debug|Any CPU
		{2EAC4B14-ED3E-4E95-9F1A-A0370C70C045}.Release|Any CPU.ActiveCfg = Release|Any CPU
		{2EAC4B14-ED3E-4E95-9F1A-A0370C70C045}.Release|Any CPU.Build.0 = Release|Any CPU
		{BB343A97-DE13-4BF2-A84C-897EE01EB8EF}.Debug|Any CPU.ActiveCfg = Debug|Any CPU
		{BB343A97-DE13-4BF2-A84C-897EE01EB8EF}.Debug|Any CPU.Build.0 = Debug|Any CPU
		{BB343A97-DE13-4BF2-A84C-897EE01EB8EF}.Release|Any CPU.ActiveCfg = Release|Any CPU
		{BB343A97-DE13-4BF2-A84C-897EE01EB8EF}.Release|Any CPU.Build.0 = Release|Any CPU
		{A2372507-E5AF-40F9-B154-FA38F5323648}.Debug|Any CPU.ActiveCfg = Debug|Any CPU
		{A2372507-E5AF-40F9-B154-FA38F5323648}.Debug|Any CPU.Build.0 = Debug|Any CPU
		{A2372507-E5AF-40F9-B154-FA38F5323648}.Release|Any CPU.ActiveCfg = Release|Any CPU
		{A2372507-E5AF-40F9-B154-FA38F5323648}.Release|Any CPU.Build.0 = Release|Any CPU
		{B0D0DB04-B47D-4930-B242-C37CA412F078}.Debug|Any CPU.ActiveCfg = Debug|Any CPU
		{B0D0DB04-B47D-4930-B242-C37CA412F078}.Debug|Any CPU.Build.0 = Debug|Any CPU
		{B0D0DB04-B47D-4930-B242-C37CA412F078}.Release|Any CPU.ActiveCfg = Release|Any CPU
		{B0D0DB04-B47D-4930-B242-C37CA412F078}.Release|Any CPU.Build.0 = Release|Any CPU
		{96D8C7B6-1B3F-4382-9046-41FABF874423}.Debug|Any CPU.ActiveCfg = Debug|Any CPU
		{96D8C7B6-1B3F-4382-9046-41FABF874423}.Debug|Any CPU.Build.0 = Debug|Any CPU
		{96D8C7B6-1B3F-4382-9046-41FABF874423}.Release|Any CPU.ActiveCfg = Release|Any CPU
		{96D8C7B6-1B3F-4382-9046-41FABF874423}.Release|Any CPU.Build.0 = Release|Any CPU
		{8E39B33D-9B83-4120-A98F-2FAA5B26E165}.Debug|Any CPU.ActiveCfg = Debug|Any CPU
		{8E39B33D-9B83-4120-A98F-2FAA5B26E165}.Debug|Any CPU.Build.0 = Debug|Any CPU
		{8E39B33D-9B83-4120-A98F-2FAA5B26E165}.Release|Any CPU.ActiveCfg = Release|Any CPU
		{8E39B33D-9B83-4120-A98F-2FAA5B26E165}.Release|Any CPU.Build.0 = Release|Any CPU
		{E5B7B0DA-6E5B-4025-8EB3-4AA46FEEDF5B}.Debug|Any CPU.ActiveCfg = Debug|Any CPU
		{E5B7B0DA-6E5B-4025-8EB3-4AA46FEEDF5B}.Debug|Any CPU.Build.0 = Debug|Any CPU
		{E5B7B0DA-6E5B-4025-8EB3-4AA46FEEDF5B}.Release|Any CPU.ActiveCfg = Release|Any CPU
		{E5B7B0DA-6E5B-4025-8EB3-4AA46FEEDF5B}.Release|Any CPU.Build.0 = Release|Any CPU
		{E643973C-04D3-4CFF-9552-04A955E92E7F}.Debug|Any CPU.ActiveCfg = Debug|Any CPU
		{E643973C-04D3-4CFF-9552-04A955E92E7F}.Debug|Any CPU.Build.0 = Debug|Any CPU
		{E643973C-04D3-4CFF-9552-04A955E92E7F}.Release|Any CPU.ActiveCfg = Release|Any CPU
		{E643973C-04D3-4CFF-9552-04A955E92E7F}.Release|Any CPU.Build.0 = Release|Any CPU
		{4BE28AD6-7131-4F7D-B564-3D2B25620EE3}.Debug|Any CPU.ActiveCfg = Debug|Any CPU
		{4BE28AD6-7131-4F7D-B564-3D2B25620EE3}.Debug|Any CPU.Build.0 = Debug|Any CPU
		{4BE28AD6-7131-4F7D-B564-3D2B25620EE3}.Release|Any CPU.ActiveCfg = Release|Any CPU
		{4BE28AD6-7131-4F7D-B564-3D2B25620EE3}.Release|Any CPU.Build.0 = Release|Any CPU
		{E03925A3-D5FE-4566-BAD8-595B45790FDB}.Debug|Any CPU.ActiveCfg = Debug|Any CPU
		{E03925A3-D5FE-4566-BAD8-595B45790FDB}.Debug|Any CPU.Build.0 = Debug|Any CPU
		{E03925A3-D5FE-4566-BAD8-595B45790FDB}.Release|Any CPU.ActiveCfg = Release|Any CPU
		{E03925A3-D5FE-4566-BAD8-595B45790FDB}.Release|Any CPU.Build.0 = Release|Any CPU
		{B2B5DA92-7BAF-446F-B1BA-6EFD416DDB9E}.Debug|Any CPU.ActiveCfg = Debug|Any CPU
		{B2B5DA92-7BAF-446F-B1BA-6EFD416DDB9E}.Debug|Any CPU.Build.0 = Debug|Any CPU
		{B2B5DA92-7BAF-446F-B1BA-6EFD416DDB9E}.Release|Any CPU.ActiveCfg = Release|Any CPU
		{B2B5DA92-7BAF-446F-B1BA-6EFD416DDB9E}.Release|Any CPU.Build.0 = Release|Any CPU
		{299CCB16-27F1-4CC1-8B64-761DF6218C62}.Debug|Any CPU.ActiveCfg = Debug|Any CPU
		{299CCB16-27F1-4CC1-8B64-761DF6218C62}.Debug|Any CPU.Build.0 = Debug|Any CPU
		{299CCB16-27F1-4CC1-8B64-761DF6218C62}.Release|Any CPU.ActiveCfg = Release|Any CPU
		{299CCB16-27F1-4CC1-8B64-761DF6218C62}.Release|Any CPU.Build.0 = Release|Any CPU
		{030E791B-A4E0-4165-A56E-A2721010D6F9}.Debug|Any CPU.ActiveCfg = Debug|Any CPU
		{030E791B-A4E0-4165-A56E-A2721010D6F9}.Debug|Any CPU.Build.0 = Debug|Any CPU
		{030E791B-A4E0-4165-A56E-A2721010D6F9}.Release|Any CPU.ActiveCfg = Release|Any CPU
		{030E791B-A4E0-4165-A56E-A2721010D6F9}.Release|Any CPU.Build.0 = Release|Any CPU
		{7142F020-EDB2-47B7-A66C-43CF523C0744}.Debug|Any CPU.ActiveCfg = Debug|Any CPU
		{7142F020-EDB2-47B7-A66C-43CF523C0744}.Debug|Any CPU.Build.0 = Debug|Any CPU
		{7142F020-EDB2-47B7-A66C-43CF523C0744}.Release|Any CPU.ActiveCfg = Release|Any CPU
		{7142F020-EDB2-47B7-A66C-43CF523C0744}.Release|Any CPU.Build.0 = Release|Any CPU
		{5D3C1BEE-E8E0-4448-9FC9-126488BCF55D}.Debug|Any CPU.ActiveCfg = Debug|Any CPU
		{5D3C1BEE-E8E0-4448-9FC9-126488BCF55D}.Debug|Any CPU.Build.0 = Debug|Any CPU
		{5D3C1BEE-E8E0-4448-9FC9-126488BCF55D}.Release|Any CPU.ActiveCfg = Release|Any CPU
		{5D3C1BEE-E8E0-4448-9FC9-126488BCF55D}.Release|Any CPU.Build.0 = Release|Any CPU
		{E1540FCE-E1D3-41E9-9438-46D9061FDDC7}.Debug|Any CPU.ActiveCfg = Debug|Any CPU
		{E1540FCE-E1D3-41E9-9438-46D9061FDDC7}.Debug|Any CPU.Build.0 = Debug|Any CPU
		{E1540FCE-E1D3-41E9-9438-46D9061FDDC7}.Release|Any CPU.ActiveCfg = Release|Any CPU
		{E1540FCE-E1D3-41E9-9438-46D9061FDDC7}.Release|Any CPU.Build.0 = Release|Any CPU
		{1995CA04-712E-41C0-9535-2DF6EBD217E3}.Debug|Any CPU.ActiveCfg = Debug|Any CPU
		{1995CA04-712E-41C0-9535-2DF6EBD217E3}.Debug|Any CPU.Build.0 = Debug|Any CPU
		{1995CA04-712E-41C0-9535-2DF6EBD217E3}.Release|Any CPU.ActiveCfg = Release|Any CPU
		{1995CA04-712E-41C0-9535-2DF6EBD217E3}.Release|Any CPU.Build.0 = Release|Any CPU
		{21580F42-37E4-4994-9BF1-C258199B5926}.Debug|Any CPU.ActiveCfg = Debug|Any CPU
		{21580F42-37E4-4994-9BF1-C258199B5926}.Debug|Any CPU.Build.0 = Debug|Any CPU
		{21580F42-37E4-4994-9BF1-C258199B5926}.Release|Any CPU.ActiveCfg = Release|Any CPU
		{21580F42-37E4-4994-9BF1-C258199B5926}.Release|Any CPU.Build.0 = Release|Any CPU
		{8AA673D5-AE84-4E24-A022-293EAD5CB0E0}.Debug|Any CPU.ActiveCfg = Debug|Any CPU
		{8AA673D5-AE84-4E24-A022-293EAD5CB0E0}.Debug|Any CPU.Build.0 = Debug|Any CPU
		{8AA673D5-AE84-4E24-A022-293EAD5CB0E0}.Release|Any CPU.ActiveCfg = Release|Any CPU
		{8AA673D5-AE84-4E24-A022-293EAD5CB0E0}.Release|Any CPU.Build.0 = Release|Any CPU
		{D867A4A3-9104-458A-8911-9BB412B9A298}.Debug|Any CPU.ActiveCfg = Debug|Any CPU
		{D867A4A3-9104-458A-8911-9BB412B9A298}.Debug|Any CPU.Build.0 = Debug|Any CPU
		{D867A4A3-9104-458A-8911-9BB412B9A298}.Release|Any CPU.ActiveCfg = Release|Any CPU
		{D867A4A3-9104-458A-8911-9BB412B9A298}.Release|Any CPU.Build.0 = Release|Any CPU
		{D3E3654D-D63D-426A-BCAA-5E80F9EF07C2}.Debug|Any CPU.ActiveCfg = Debug|Any CPU
		{D3E3654D-D63D-426A-BCAA-5E80F9EF07C2}.Debug|Any CPU.Build.0 = Debug|Any CPU
		{D3E3654D-D63D-426A-BCAA-5E80F9EF07C2}.Release|Any CPU.ActiveCfg = Release|Any CPU
		{D3E3654D-D63D-426A-BCAA-5E80F9EF07C2}.Release|Any CPU.Build.0 = Release|Any CPU
		{E60C1EC4-399D-45FF-9A62-26023D2A43D6}.Debug|Any CPU.ActiveCfg = Debug|Any CPU
		{E60C1EC4-399D-45FF-9A62-26023D2A43D6}.Debug|Any CPU.Build.0 = Debug|Any CPU
		{E60C1EC4-399D-45FF-9A62-26023D2A43D6}.Release|Any CPU.ActiveCfg = Release|Any CPU
		{E60C1EC4-399D-45FF-9A62-26023D2A43D6}.Release|Any CPU.Build.0 = Release|Any CPU
		{3D92F93E-E661-49FA-AE9F-9E74CFD3919A}.Debug|Any CPU.ActiveCfg = Debug|Any CPU
		{3D92F93E-E661-49FA-AE9F-9E74CFD3919A}.Debug|Any CPU.Build.0 = Debug|Any CPU
		{3D92F93E-E661-49FA-AE9F-9E74CFD3919A}.Release|Any CPU.ActiveCfg = Release|Any CPU
		{3D92F93E-E661-49FA-AE9F-9E74CFD3919A}.Release|Any CPU.Build.0 = Release|Any CPU
		{4FE140AF-CF1F-414D-9A47-A25E5B5484CB}.Debug|Any CPU.ActiveCfg = Debug|Any CPU
		{4FE140AF-CF1F-414D-9A47-A25E5B5484CB}.Debug|Any CPU.Build.0 = Debug|Any CPU
		{4FE140AF-CF1F-414D-9A47-A25E5B5484CB}.Release|Any CPU.ActiveCfg = Release|Any CPU
		{4FE140AF-CF1F-414D-9A47-A25E5B5484CB}.Release|Any CPU.Build.0 = Release|Any CPU
		{4AF1D1BD-BE86-4E5C-B0A3-8CB03AA0D4E0}.Debug|Any CPU.ActiveCfg = Debug|Any CPU
		{4AF1D1BD-BE86-4E5C-B0A3-8CB03AA0D4E0}.Debug|Any CPU.Build.0 = Debug|Any CPU
		{4AF1D1BD-BE86-4E5C-B0A3-8CB03AA0D4E0}.Release|Any CPU.ActiveCfg = Release|Any CPU
		{4AF1D1BD-BE86-4E5C-B0A3-8CB03AA0D4E0}.Release|Any CPU.Build.0 = Release|Any CPU
		{08F0CD41-8C9F-4E8C-BF7A-EFFF1B675D1E}.Debug|Any CPU.ActiveCfg = Debug|Any CPU
		{08F0CD41-8C9F-4E8C-BF7A-EFFF1B675D1E}.Debug|Any CPU.Build.0 = Debug|Any CPU
		{08F0CD41-8C9F-4E8C-BF7A-EFFF1B675D1E}.Release|Any CPU.ActiveCfg = Release|Any CPU
		{08F0CD41-8C9F-4E8C-BF7A-EFFF1B675D1E}.Release|Any CPU.Build.0 = Release|Any CPU
		{3625DB74-E3E4-4098-8E31-38787E8162EC}.Debug|Any CPU.ActiveCfg = Debug|Any CPU
		{3625DB74-E3E4-4098-8E31-38787E8162EC}.Debug|Any CPU.Build.0 = Debug|Any CPU
		{3625DB74-E3E4-4098-8E31-38787E8162EC}.Release|Any CPU.ActiveCfg = Release|Any CPU
		{3625DB74-E3E4-4098-8E31-38787E8162EC}.Release|Any CPU.Build.0 = Release|Any CPU
		{74094B6A-D36E-4B42-AE95-8AEA548FA7C7}.Debug|Any CPU.ActiveCfg = Debug|Any CPU
		{74094B6A-D36E-4B42-AE95-8AEA548FA7C7}.Debug|Any CPU.Build.0 = Debug|Any CPU
		{74094B6A-D36E-4B42-AE95-8AEA548FA7C7}.Release|Any CPU.ActiveCfg = Release|Any CPU
		{74094B6A-D36E-4B42-AE95-8AEA548FA7C7}.Release|Any CPU.Build.0 = Release|Any CPU
		{E63CD572-BAAA-4365-8228-E3AB96778CA1}.Debug|Any CPU.ActiveCfg = Debug|Any CPU
		{E63CD572-BAAA-4365-8228-E3AB96778CA1}.Debug|Any CPU.Build.0 = Debug|Any CPU
		{E63CD572-BAAA-4365-8228-E3AB96778CA1}.Release|Any CPU.ActiveCfg = Release|Any CPU
		{E63CD572-BAAA-4365-8228-E3AB96778CA1}.Release|Any CPU.Build.0 = Release|Any CPU
		{13264A9A-0C0C-46EB-984B-9290E371E298}.Debug|Any CPU.ActiveCfg = Debug|Any CPU
		{13264A9A-0C0C-46EB-984B-9290E371E298}.Debug|Any CPU.Build.0 = Debug|Any CPU
		{13264A9A-0C0C-46EB-984B-9290E371E298}.Release|Any CPU.ActiveCfg = Release|Any CPU
		{13264A9A-0C0C-46EB-984B-9290E371E298}.Release|Any CPU.Build.0 = Release|Any CPU
		{E68E86D1-CD53-4D02-B1BA-043A08AB510B}.Debug|Any CPU.ActiveCfg = Debug|Any CPU
		{E68E86D1-CD53-4D02-B1BA-043A08AB510B}.Debug|Any CPU.Build.0 = Debug|Any CPU
		{E68E86D1-CD53-4D02-B1BA-043A08AB510B}.Release|Any CPU.ActiveCfg = Release|Any CPU
		{E68E86D1-CD53-4D02-B1BA-043A08AB510B}.Release|Any CPU.Build.0 = Release|Any CPU
		{CB593017-1D45-490D-9436-0D4A7D865D56}.Debug|Any CPU.ActiveCfg = Debug|Any CPU
		{CB593017-1D45-490D-9436-0D4A7D865D56}.Debug|Any CPU.Build.0 = Debug|Any CPU
		{CB593017-1D45-490D-9436-0D4A7D865D56}.Release|Any CPU.ActiveCfg = Release|Any CPU
		{CB593017-1D45-490D-9436-0D4A7D865D56}.Release|Any CPU.Build.0 = Release|Any CPU
	EndGlobalSection
	GlobalSection(SolutionProperties) = preSolution
		HideSolutionNode = FALSE
	EndGlobalSection
	GlobalSection(ExtensibilityGlobals) = postSolution
		SolutionGuid = {74932464-76B8-48C8-B003-218AED4D9DB5}
	EndGlobalSection
EndGlobal
