
Microsoft Visual Studio Solution File, Format Version 12.00
# Visual Studio Version 16
VisualStudioVersion = 16.0.29025.244
MinimumVisualStudioVersion = 10.0.40219.1
Project("{9A19103F-16F7-4668-BE54-9A1E7A4F7556}") = "SentryTest", "SentryTest\SentryTest.csproj", "{331B6880-E8C9-4B8A-BE28-EA96A542E1D9}"
EndProject
Project("{9A19103F-16F7-4668-BE54-9A1E7A4F7556}") = "PollyTest", "PollyTest\PollyTest.csproj", "{2EAC4B14-ED3E-4E95-9F1A-A0370C70C045}"
EndProject
Project("{9A19103F-16F7-4668-BE54-9A1E7A4F7556}") = "HttpClientRequestTest", "HttpClientRequestTest\HttpClientRequestTest.csproj", "{BB343A97-DE13-4BF2-A84C-897EE01EB8EF}"
EndProject
Project("{9A19103F-16F7-4668-BE54-9A1E7A4F7556}") = "SerilogTest", "SerilogTest\SerilogTest.csproj", "{A2372507-E5AF-40F9-B154-FA38F5323648}"
EndProject
Project("{9A19103F-16F7-4668-BE54-9A1E7A4F7556}") = "SeleniumTest", "SeleniumTest\SeleniumTest.csproj", "{B0D0DB04-B47D-4930-B242-C37CA412F078}"
EndProject
Project("{9A19103F-16F7-4668-BE54-9A1E7A4F7556}") = "KafkaTest", "KafkaTest\KafkaTest.csproj", "{96D8C7B6-1B3F-4382-9046-41FABF874423}"
EndProject
Project("{9A19103F-16F7-4668-BE54-9A1E7A4F7556}") = "OpenCVSharpTest", "OpenCVSharpTest\OpenCVSharpTest.csproj", "{8E39B33D-9B83-4120-A98F-2FAA5B26E165}"
EndProject
Project("{9A19103F-16F7-4668-BE54-9A1E7A4F7556}") = "ElasticsearchTest", "ElasticsearchTest\ElasticsearchTest.csproj", "{E5B7B0DA-6E5B-4025-8EB3-4AA46FEEDF5B}"
EndProject
Project("{9A19103F-16F7-4668-BE54-9A1E7A4F7556}") = "GenFuTest", "GenFuTest\GenFuTest.csproj", "{E643973C-04D3-4CFF-9552-04A955E92E7F}"
EndProject
Project("{9A19103F-16F7-4668-BE54-9A1E7A4F7556}") = "BogusTest", "BogusTest\BogusTest.csproj", "{4BE28AD6-7131-4F7D-B564-3D2B25620EE3}"
EndProject
Project("{9A19103F-16F7-4668-BE54-9A1E7A4F7556}") = "NatsTest", "NatsTest\NatsTest.csproj", "{E03925A3-D5FE-4566-BAD8-595B45790FDB}"
EndProject
Project("{FAE04EC0-301F-11D3-BF4B-00C04F79EFBC}") = "DnsClientTest", "DnsClientTest\DnsClientTest.csproj", "{B2B5DA92-7BAF-446F-B1BA-6EFD416DDB9E}"
EndProject
Project("{FAE04EC0-301F-11D3-BF4B-00C04F79EFBC}") = "VaultSharpTest", "VaultSharpTest\VaultSharpTest.csproj", "{299CCB16-27F1-4CC1-8B64-761DF6218C62}"
EndProject
Global
	GlobalSection(SolutionConfigurationPlatforms) = preSolution
		Debug|Any CPU = Debug|Any CPU
		Release|Any CPU = Release|Any CPU
	EndGlobalSection
	GlobalSection(ProjectConfigurationPlatforms) = postSolution
		{331B6880-E8C9-4B8A-BE28-EA96A542E1D9}.Debug|Any CPU.ActiveCfg = Debug|Any CPU
		{331B6880-E8C9-4B8A-BE28-EA96A542E1D9}.Debug|Any CPU.Build.0 = Debug|Any CPU
		{331B6880-E8C9-4B8A-BE28-EA96A542E1D9}.Release|Any CPU.ActiveCfg = Release|Any CPU
		{331B6880-E8C9-4B8A-BE28-EA96A542E1D9}.Release|Any CPU.Build.0 = Release|Any CPU
		{2EAC4B14-ED3E-4E95-9F1A-A0370C70C045}.Debug|Any CPU.ActiveCfg = Debug|Any CPU
		{2EAC4B14-ED3E-4E95-9F1A-A0370C70C045}.Debug|Any CPU.Build.0 = Debug|Any CPU
		{2EAC4B14-ED3E-4E95-9F1A-A0370C70C045}.Release|Any CPU.ActiveCfg = Release|Any CPU
		{2EAC4B14-ED3E-4E95-9F1A-A0370C70C045}.Release|Any CPU.Build.0 = Release|Any CPU
		{BB343A97-DE13-4BF2-A84C-897EE01EB8EF}.Debug|Any CPU.ActiveCfg = Debug|Any CPU
		{BB343A97-DE13-4BF2-A84C-897EE01EB8EF}.Debug|Any CPU.Build.0 = Debug|Any CPU
		{BB343A97-DE13-4BF2-A84C-897EE01EB8EF}.Release|Any CPU.ActiveCfg = Release|Any CPU
		{BB343A97-DE13-4BF2-A84C-897EE01EB8EF}.Release|Any CPU.Build.0 = Release|Any CPU
		{A2372507-E5AF-40F9-B154-FA38F5323648}.Debug|Any CPU.ActiveCfg = Debug|Any CPU
		{A2372507-E5AF-40F9-B154-FA38F5323648}.Debug|Any CPU.Build.0 = Debug|Any CPU
		{A2372507-E5AF-40F9-B154-FA38F5323648}.Release|Any CPU.ActiveCfg = Release|Any CPU
		{A2372507-E5AF-40F9-B154-FA38F5323648}.Release|Any CPU.Build.0 = Release|Any CPU
		{B0D0DB04-B47D-4930-B242-C37CA412F078}.Debug|Any CPU.ActiveCfg = Debug|Any CPU
		{B0D0DB04-B47D-4930-B242-C37CA412F078}.Debug|Any CPU.Build.0 = Debug|Any CPU
		{B0D0DB04-B47D-4930-B242-C37CA412F078}.Release|Any CPU.ActiveCfg = Release|Any CPU
		{B0D0DB04-B47D-4930-B242-C37CA412F078}.Release|Any CPU.Build.0 = Release|Any CPU
		{96D8C7B6-1B3F-4382-9046-41FABF874423}.Debug|Any CPU.ActiveCfg = Debug|Any CPU
		{96D8C7B6-1B3F-4382-9046-41FABF874423}.Debug|Any CPU.Build.0 = Debug|Any CPU
		{96D8C7B6-1B3F-4382-9046-41FABF874423}.Release|Any CPU.ActiveCfg = Release|Any CPU
		{96D8C7B6-1B3F-4382-9046-41FABF874423}.Release|Any CPU.Build.0 = Release|Any CPU
		{8E39B33D-9B83-4120-A98F-2FAA5B26E165}.Debug|Any CPU.ActiveCfg = Debug|Any CPU
		{8E39B33D-9B83-4120-A98F-2FAA5B26E165}.Debug|Any CPU.Build.0 = Debug|Any CPU
		{8E39B33D-9B83-4120-A98F-2FAA5B26E165}.Release|Any CPU.ActiveCfg = Release|Any CPU
		{8E39B33D-9B83-4120-A98F-2FAA5B26E165}.Release|Any CPU.Build.0 = Release|Any CPU
		{E5B7B0DA-6E5B-4025-8EB3-4AA46FEEDF5B}.Debug|Any CPU.ActiveCfg = Debug|Any CPU
		{E5B7B0DA-6E5B-4025-8EB3-4AA46FEEDF5B}.Debug|Any CPU.Build.0 = Debug|Any CPU
		{E5B7B0DA-6E5B-4025-8EB3-4AA46FEEDF5B}.Release|Any CPU.ActiveCfg = Release|Any CPU
		{E5B7B0DA-6E5B-4025-8EB3-4AA46FEEDF5B}.Release|Any CPU.Build.0 = Release|Any CPU
		{E643973C-04D3-4CFF-9552-04A955E92E7F}.Debug|Any CPU.ActiveCfg = Debug|Any CPU
		{E643973C-04D3-4CFF-9552-04A955E92E7F}.Debug|Any CPU.Build.0 = Debug|Any CPU
		{E643973C-04D3-4CFF-9552-04A955E92E7F}.Release|Any CPU.ActiveCfg = Release|Any CPU
		{E643973C-04D3-4CFF-9552-04A955E92E7F}.Release|Any CPU.Build.0 = Release|Any CPU
		{4BE28AD6-7131-4F7D-B564-3D2B25620EE3}.Debug|Any CPU.ActiveCfg = Debug|Any CPU
		{4BE28AD6-7131-4F7D-B564-3D2B25620EE3}.Debug|Any CPU.Build.0 = Debug|Any CPU
		{4BE28AD6-7131-4F7D-B564-3D2B25620EE3}.Release|Any CPU.ActiveCfg = Release|Any CPU
		{4BE28AD6-7131-4F7D-B564-3D2B25620EE3}.Release|Any CPU.Build.0 = Release|Any CPU
		{E03925A3-D5FE-4566-BAD8-595B45790FDB}.Debug|Any CPU.ActiveCfg = Debug|Any CPU
		{E03925A3-D5FE-4566-BAD8-595B45790FDB}.Debug|Any CPU.Build.0 = Debug|Any CPU
		{E03925A3-D5FE-4566-BAD8-595B45790FDB}.Release|Any CPU.ActiveCfg = Release|Any CPU
		{E03925A3-D5FE-4566-BAD8-595B45790FDB}.Release|Any CPU.Build.0 = Release|Any CPU
		{B2B5DA92-7BAF-446F-B1BA-6EFD416DDB9E}.Debug|Any CPU.ActiveCfg = Debug|Any CPU
		{B2B5DA92-7BAF-446F-B1BA-6EFD416DDB9E}.Debug|Any CPU.Build.0 = Debug|Any CPU
		{B2B5DA92-7BAF-446F-B1BA-6EFD416DDB9E}.Release|Any CPU.ActiveCfg = Release|Any CPU
		{B2B5DA92-7BAF-446F-B1BA-6EFD416DDB9E}.Release|Any CPU.Build.0 = Release|Any CPU
		{299CCB16-27F1-4CC1-8B64-761DF6218C62}.Debug|Any CPU.ActiveCfg = Debug|Any CPU
		{299CCB16-27F1-4CC1-8B64-761DF6218C62}.Debug|Any CPU.Build.0 = Debug|Any CPU
		{299CCB16-27F1-4CC1-8B64-761DF6218C62}.Release|Any CPU.ActiveCfg = Release|Any CPU
		{299CCB16-27F1-4CC1-8B64-761DF6218C62}.Release|Any CPU.Build.0 = Release|Any CPU
	EndGlobalSection
	GlobalSection(SolutionProperties) = preSolution
		HideSolutionNode = FALSE
	EndGlobalSection
	GlobalSection(ExtensibilityGlobals) = postSolution
		SolutionGuid = {74932464-76B8-48C8-B003-218AED4D9DB5}
	EndGlobalSection
EndGlobal
