
Microsoft Visual Studio Solution File, Format Version 12.00
# Visual Studio Version 16
VisualStudioVersion = 16.0.29025.244
MinimumVisualStudioVersion = 10.0.40219.1
Project("{9A19103F-16F7-4668-BE54-9A1E7A4F7556}") = "OpenCVSharpTest", "OpenCVSharpTest\OpenCVSharpTest.csproj", "{7023AD9B-DD01-453E-9BE5-900A0E040B8B}"
EndProject
Project("{9A19103F-16F7-4668-BE54-9A1E7A4F7556}") = "SentryTest", "SentryTest\SentryTest.csproj", "{331B6880-E8C9-4B8A-BE28-EA96A542E1D9}"
EndProject
Project("{9A19103F-16F7-4668-BE54-9A1E7A4F7556}") = "XUnitTest", "XUnitTest\XUnitTest.csproj", "{5700E248-E92A-464B-A01F-8217DCB8EF7F}"
EndProject
Project("{9A19103F-16F7-4668-BE54-9A1E7A4F7556}") = "DependencyInjectionLifeTimeTest", "DependencyInjectionLifeTimeTest\DependencyInjectionLifeTimeTest.csproj", "{A45CB21D-7698-41A4-9558-AD65B6260102}"
EndProject
Project("{9A19103F-16F7-4668-BE54-9A1E7A4F7556}") = "CAPEventBusTest", "CAPEventBusTest\CAPEventBusTest.csproj", "{D62AC1E4-6898-4A69-ACED-B201C751EE20}"
EndProject
Project("{9A19103F-16F7-4668-BE54-9A1E7A4F7556}") = "PollyTest", "PollyTest\PollyTest.csproj", "{2EAC4B14-ED3E-4E95-9F1A-A0370C70C045}"
EndProject
Project("{9A19103F-16F7-4668-BE54-9A1E7A4F7556}") = "HttpClientRequestTest", "HttpClientRequestTest\HttpClientRequestTest.csproj", "{BB343A97-DE13-4BF2-A84C-897EE01EB8EF}"
EndProject
Project("{9A19103F-16F7-4668-BE54-9A1E7A4F7556}") = "SerilogTest", "SerilogTest\SerilogTest.csproj", "{A2372507-E5AF-40F9-B154-FA38F5323648}"
EndProject
Project("{9A19103F-16F7-4668-BE54-9A1E7A4F7556}") = "AppMetricsTest", "AppMetricsTest\AppMetricsTest.csproj", "{AAE11666-15DF-4AC8-B5A0-8E7100493B02}"
EndProject
Project("{9A19103F-16F7-4668-BE54-9A1E7A4F7556}") = "MoqTest", "MoqTest\MoqTest.csproj", "{5B62B24F-29A4-462F-B54E-E72C893640E1}"
EndProject
Project("{9A19103F-16F7-4668-BE54-9A1E7A4F7556}") = "NUnitTest", "NUnitTest\NUnitTest.csproj", "{5008E451-E3E4-4998-A868-A20B021E7BFF}"
EndProject
Project("{9A19103F-16F7-4668-BE54-9A1E7A4F7556}") = "SeleniumTest", "SeleniumTest\SeleniumTest.csproj", "{B0D0DB04-B47D-4930-B242-C37CA412F078}"
EndProject
Project("{9A19103F-16F7-4668-BE54-9A1E7A4F7556}") = "EFCoreRelationshipTest", "EFCoreRelationshipTest\EFCoreRelationshipTest.csproj", "{497C10FD-1E31-438B-8C68-89DC56514562}"
EndProject
Project("{9A19103F-16F7-4668-BE54-9A1E7A4F7556}") = "AspNetCoreMiddlewareTest", "AspNetCoreMiddlewareTest\AspNetCoreMiddlewareTest.csproj", "{17286FDB-6D04-4B4F-A4DB-474AD1A462B2}"
EndProject
Project("{9A19103F-16F7-4668-BE54-9A1E7A4F7556}") = "AspNetCoreAuthorizationTest", "AspNetCoreAuthorizationTest\AspNetCoreAuthorizationTest.csproj", "{D342C90C-2FBE-427D-A470-98E4A120A8FB}"
EndProject
Project("{9A19103F-16F7-4668-BE54-9A1E7A4F7556}") = "AspNetCorePermissionAuthorizationTest", "AspNetCorePermissionAuthorizationTest\AspNetCorePermissionAuthorizationTest.csproj", "{79676479-0169-490D-906F-DC5D3034AB9C}"
EndProject
Project("{9A19103F-16F7-4668-BE54-9A1E7A4F7556}") = "AspNetCoreSocialLoginTest", "AspNetCoreSocialLoginTest\AspNetCoreSocialLoginTest.csproj", "{37D564C5-86A6-479F-964B-8540A8F5F7A7}"
EndProject
Global
	GlobalSection(SolutionConfigurationPlatforms) = preSolution
		Debug|Any CPU = Debug|Any CPU
		Release|Any CPU = Release|Any CPU
	EndGlobalSection
	GlobalSection(ProjectConfigurationPlatforms) = postSolution
		{7023AD9B-DD01-453E-9BE5-900A0E040B8B}.Debug|Any CPU.ActiveCfg = Debug|Any CPU
		{7023AD9B-DD01-453E-9BE5-900A0E040B8B}.Debug|Any CPU.Build.0 = Debug|Any CPU
		{7023AD9B-DD01-453E-9BE5-900A0E040B8B}.Release|Any CPU.ActiveCfg = Release|Any CPU
		{7023AD9B-DD01-453E-9BE5-900A0E040B8B}.Release|Any CPU.Build.0 = Release|Any CPU
		{331B6880-E8C9-4B8A-BE28-EA96A542E1D9}.Debug|Any CPU.ActiveCfg = Debug|Any CPU
		{331B6880-E8C9-4B8A-BE28-EA96A542E1D9}.Debug|Any CPU.Build.0 = Debug|Any CPU
		{331B6880-E8C9-4B8A-BE28-EA96A542E1D9}.Release|Any CPU.ActiveCfg = Release|Any CPU
		{331B6880-E8C9-4B8A-BE28-EA96A542E1D9}.Release|Any CPU.Build.0 = Release|Any CPU
		{5700E248-E92A-464B-A01F-8217DCB8EF7F}.Debug|Any CPU.ActiveCfg = Debug|Any CPU
		{5700E248-E92A-464B-A01F-8217DCB8EF7F}.Debug|Any CPU.Build.0 = Debug|Any CPU
		{5700E248-E92A-464B-A01F-8217DCB8EF7F}.Release|Any CPU.ActiveCfg = Release|Any CPU
		{5700E248-E92A-464B-A01F-8217DCB8EF7F}.Release|Any CPU.Build.0 = Release|Any CPU
		{A45CB21D-7698-41A4-9558-AD65B6260102}.Debug|Any CPU.ActiveCfg = Debug|Any CPU
		{A45CB21D-7698-41A4-9558-AD65B6260102}.Debug|Any CPU.Build.0 = Debug|Any CPU
		{A45CB21D-7698-41A4-9558-AD65B6260102}.Release|Any CPU.ActiveCfg = Release|Any CPU
		{A45CB21D-7698-41A4-9558-AD65B6260102}.Release|Any CPU.Build.0 = Release|Any CPU
		{D62AC1E4-6898-4A69-ACED-B201C751EE20}.Debug|Any CPU.ActiveCfg = Debug|Any CPU
		{D62AC1E4-6898-4A69-ACED-B201C751EE20}.Debug|Any CPU.Build.0 = Debug|Any CPU
		{D62AC1E4-6898-4A69-ACED-B201C751EE20}.Release|Any CPU.ActiveCfg = Release|Any CPU
		{D62AC1E4-6898-4A69-ACED-B201C751EE20}.Release|Any CPU.Build.0 = Release|Any CPU
		{2EAC4B14-ED3E-4E95-9F1A-A0370C70C045}.Debug|Any CPU.ActiveCfg = Debug|Any CPU
		{2EAC4B14-ED3E-4E95-9F1A-A0370C70C045}.Debug|Any CPU.Build.0 = Debug|Any CPU
		{2EAC4B14-ED3E-4E95-9F1A-A0370C70C045}.Release|Any CPU.ActiveCfg = Release|Any CPU
		{2EAC4B14-ED3E-4E95-9F1A-A0370C70C045}.Release|Any CPU.Build.0 = Release|Any CPU
		{BB343A97-DE13-4BF2-A84C-897EE01EB8EF}.Debug|Any CPU.ActiveCfg = Debug|Any CPU
		{BB343A97-DE13-4BF2-A84C-897EE01EB8EF}.Debug|Any CPU.Build.0 = Debug|Any CPU
		{BB343A97-DE13-4BF2-A84C-897EE01EB8EF}.Release|Any CPU.ActiveCfg = Release|Any CPU
		{BB343A97-DE13-4BF2-A84C-897EE01EB8EF}.Release|Any CPU.Build.0 = Release|Any CPU
		{A2372507-E5AF-40F9-B154-FA38F5323648}.Debug|Any CPU.ActiveCfg = Debug|Any CPU
		{A2372507-E5AF-40F9-B154-FA38F5323648}.Debug|Any CPU.Build.0 = Debug|Any CPU
		{A2372507-E5AF-40F9-B154-FA38F5323648}.Release|Any CPU.ActiveCfg = Release|Any CPU
		{A2372507-E5AF-40F9-B154-FA38F5323648}.Release|Any CPU.Build.0 = Release|Any CPU
		{AAE11666-15DF-4AC8-B5A0-8E7100493B02}.Debug|Any CPU.ActiveCfg = Debug|Any CPU
		{AAE11666-15DF-4AC8-B5A0-8E7100493B02}.Debug|Any CPU.Build.0 = Debug|Any CPU
		{AAE11666-15DF-4AC8-B5A0-8E7100493B02}.Release|Any CPU.ActiveCfg = Release|Any CPU
		{AAE11666-15DF-4AC8-B5A0-8E7100493B02}.Release|Any CPU.Build.0 = Release|Any CPU
		{5B62B24F-29A4-462F-B54E-E72C893640E1}.Debug|Any CPU.ActiveCfg = Debug|Any CPU
		{5B62B24F-29A4-462F-B54E-E72C893640E1}.Debug|Any CPU.Build.0 = Debug|Any CPU
		{5B62B24F-29A4-462F-B54E-E72C893640E1}.Release|Any CPU.ActiveCfg = Release|Any CPU
		{5B62B24F-29A4-462F-B54E-E72C893640E1}.Release|Any CPU.Build.0 = Release|Any CPU
		{5008E451-E3E4-4998-A868-A20B021E7BFF}.Debug|Any CPU.ActiveCfg = Debug|Any CPU
		{5008E451-E3E4-4998-A868-A20B021E7BFF}.Debug|Any CPU.Build.0 = Debug|Any CPU
		{5008E451-E3E4-4998-A868-A20B021E7BFF}.Release|Any CPU.ActiveCfg = Release|Any CPU
		{5008E451-E3E4-4998-A868-A20B021E7BFF}.Release|Any CPU.Build.0 = Release|Any CPU
		{B0D0DB04-B47D-4930-B242-C37CA412F078}.Debug|Any CPU.ActiveCfg = Debug|Any CPU
		{B0D0DB04-B47D-4930-B242-C37CA412F078}.Debug|Any CPU.Build.0 = Debug|Any CPU
		{B0D0DB04-B47D-4930-B242-C37CA412F078}.Release|Any CPU.ActiveCfg = Release|Any CPU
		{B0D0DB04-B47D-4930-B242-C37CA412F078}.Release|Any CPU.Build.0 = Release|Any CPU
		{497C10FD-1E31-438B-8C68-89DC56514562}.Debug|Any CPU.ActiveCfg = Debug|Any CPU
		{497C10FD-1E31-438B-8C68-89DC56514562}.Debug|Any CPU.Build.0 = Debug|Any CPU
		{497C10FD-1E31-438B-8C68-89DC56514562}.Release|Any CPU.ActiveCfg = Release|Any CPU
		{497C10FD-1E31-438B-8C68-89DC56514562}.Release|Any CPU.Build.0 = Release|Any CPU
		{17286FDB-6D04-4B4F-A4DB-474AD1A462B2}.Debug|Any CPU.ActiveCfg = Debug|Any CPU
		{17286FDB-6D04-4B4F-A4DB-474AD1A462B2}.Debug|Any CPU.Build.0 = Debug|Any CPU
		{17286FDB-6D04-4B4F-A4DB-474AD1A462B2}.Release|Any CPU.ActiveCfg = Release|Any CPU
		{17286FDB-6D04-4B4F-A4DB-474AD1A462B2}.Release|Any CPU.Build.0 = Release|Any CPU
		{D342C90C-2FBE-427D-A470-98E4A120A8FB}.Debug|Any CPU.ActiveCfg = Debug|Any CPU
		{D342C90C-2FBE-427D-A470-98E4A120A8FB}.Debug|Any CPU.Build.0 = Debug|Any CPU
		{D342C90C-2FBE-427D-A470-98E4A120A8FB}.Release|Any CPU.ActiveCfg = Release|Any CPU
		{D342C90C-2FBE-427D-A470-98E4A120A8FB}.Release|Any CPU.Build.0 = Release|Any CPU
		{79676479-0169-490D-906F-DC5D3034AB9C}.Debug|Any CPU.ActiveCfg = Debug|Any CPU
		{79676479-0169-490D-906F-DC5D3034AB9C}.Debug|Any CPU.Build.0 = Debug|Any CPU
		{79676479-0169-490D-906F-DC5D3034AB9C}.Release|Any CPU.ActiveCfg = Release|Any CPU
		{79676479-0169-490D-906F-DC5D3034AB9C}.Release|Any CPU.Build.0 = Release|Any CPU
		{37D564C5-86A6-479F-964B-8540A8F5F7A7}.Debug|Any CPU.ActiveCfg = Debug|Any CPU
		{37D564C5-86A6-479F-964B-8540A8F5F7A7}.Debug|Any CPU.Build.0 = Debug|Any CPU
		{37D564C5-86A6-479F-964B-8540A8F5F7A7}.Release|Any CPU.ActiveCfg = Release|Any CPU
		{37D564C5-86A6-479F-964B-8540A8F5F7A7}.Release|Any CPU.Build.0 = Release|Any CPU
	EndGlobalSection
	GlobalSection(SolutionProperties) = preSolution
		HideSolutionNode = FALSE
	EndGlobalSection
	GlobalSection(ExtensibilityGlobals) = postSolution
		SolutionGuid = {74932464-76B8-48C8-B003-218AED4D9DB5}
	EndGlobalSection
EndGlobal
