
Microsoft Visual Studio Solution File, Format Version 12.00
# Visual Studio Version 16
VisualStudioVersion = 16.0.29102.190
MinimumVisualStudioVersion = 10.0.40219.1
Project("{FAE04EC0-301F-11D3-BF4B-00C04F79EFBC}") = "SignalRServer", "SignalRServer\SignalRServer.csproj", "{4F9BC5B2-8CB5-47BF-B8B5-DC3762AA2D1C}"
EndProject
Project("{FAE04EC0-301F-11D3-BF4B-00C04F79EFBC}") = "SignalRClient", "SignalRClient\SignalRClient.csproj", "{DD4EA8BA-0903-49AC-AE28-7DA733BF050F}"
EndProject
Global
	GlobalSection(SolutionConfigurationPlatforms) = preSolution
		Debug|Any CPU = Debug|Any CPU
		Release|Any CPU = Release|Any CPU
	EndGlobalSection
	GlobalSection(ProjectConfigurationPlatforms) = postSolution
		{4F9BC5B2-8CB5-47BF-B8B5-DC3762AA2D1C}.Debug|Any CPU.ActiveCfg = Debug|Any CPU
		{4F9BC5B2-8CB5-47BF-B8B5-DC3762AA2D1C}.Debug|Any CPU.Build.0 = Debug|Any CPU
		{4F9BC5B2-8CB5-47BF-B8B5-DC3762AA2D1C}.Release|Any CPU.ActiveCfg = Release|Any CPU
		{4F9BC5B2-8CB5-47BF-B8B5-DC3762AA2D1C}.Release|Any CPU.Build.0 = Release|Any CPU
		{DD4EA8BA-0903-49AC-AE28-7DA733BF050F}.Debug|Any CPU.ActiveCfg = Debug|Any CPU
		{DD4EA8BA-0903-49AC-AE28-7DA733BF050F}.Debug|Any CPU.Build.0 = Debug|Any CPU
		{DD4EA8BA-0903-49AC-AE28-7DA733BF050F}.Release|Any CPU.ActiveCfg = Release|Any CPU
		{DD4EA8BA-0903-49AC-AE28-7DA733BF050F}.Release|Any CPU.Build.0 = Release|Any CPU
	EndGlobalSection
	GlobalSection(SolutionProperties) = preSolution
		HideSolutionNode = FALSE
	EndGlobalSection
	GlobalSection(ExtensibilityGlobals) = postSolution
		SolutionGuid = {35661CC0-D319-4F1D-A9EC-CBFF007DF221}
	EndGlobalSection
EndGlobal
