
Microsoft Visual Studio Solution File, Format Version 12.00
# Visual Studio Version 16
VisualStudioVersion = 16.0.29820.132
MinimumVisualStudioVersion = 10.0.40219.1
Project("{FAE04EC0-301F-11D3-BF4B-00C04F79EFBC}") = "AspNetCorePrometheusTest", "AspNetCorePrometheusTest\AspNetCorePrometheusTest.csproj", "{1EBE571F-9432-4BF0-B37B-0D004A682482}"
EndProject
Global
	GlobalSection(SolutionConfigurationPlatforms) = preSolution
		Debug|Any CPU = Debug|Any CPU
		Release|Any CPU = Release|Any CPU
	EndGlobalSection
	GlobalSection(ProjectConfigurationPlatforms) = postSolution
		{1EBE571F-9432-4BF0-B37B-0D004A682482}.Debug|Any CPU.ActiveCfg = Debug|Any CPU
		{1EBE571F-9432-4BF0-B37B-0D004A682482}.Debug|Any CPU.Build.0 = Debug|Any CPU
		{1EBE571F-9432-4BF0-B37B-0D004A682482}.Release|Any CPU.ActiveCfg = Release|Any CPU
		{1EBE571F-9432-4BF0-B37B-0D004A682482}.Release|Any CPU.Build.0 = Release|Any CPU
	EndGlobalSection
	GlobalSection(SolutionProperties) = preSolution
		HideSolutionNode = FALSE
	EndGlobalSection
	GlobalSection(ExtensibilityGlobals) = postSolution
		SolutionGuid = {22495C30-D420-4F14-AA5F-95D2BA662199}
	EndGlobalSection
EndGlobal
