
Microsoft Visual Studio Solution File, Format Version 12.00
# Visual Studio Version 16
VisualStudioVersion = 16.0.29102.190
MinimumVisualStudioVersion = 10.0.40219.1
Project("{9A19103F-16F7-4668-BE54-9A1E7A4F7556}") = "SignalRTest.Server", "SignalRTest.Server\SignalRTest.Server.csproj", "{F5B5E487-1C13-4864-A2B2-73A8E550322C}"
EndProject
Project("{9A19103F-16F7-4668-BE54-9A1E7A4F7556}") = "SignalRTest.Shared", "SignalRTest.Shared\SignalRTest.Shared.csproj", "{D04B7E69-1C6C-4685-B79C-9D68572EF3C7}"
EndProject
Project("{FAE04EC0-301F-11D3-BF4B-00C04F79EFBC}") = "SignalRTest.Client.ConsoleApp", "SignalRTest.Client.ConsoleApp\SignalRTest.Client.ConsoleApp.csproj", "{0369C167-6A40-4C00-9691-18FEA20BB082}"
EndProject
Global
	GlobalSection(SolutionConfigurationPlatforms) = preSolution
		Debug|Any CPU = Debug|Any CPU
		Release|Any CPU = Release|Any CPU
	EndGlobalSection
	GlobalSection(ProjectConfigurationPlatforms) = postSolution
		{F5B5E487-1C13-4864-A2B2-73A8E550322C}.Debug|Any CPU.ActiveCfg = Debug|Any CPU
		{F5B5E487-1C13-4864-A2B2-73A8E550322C}.Debug|Any CPU.Build.0 = Debug|Any CPU
		{F5B5E487-1C13-4864-A2B2-73A8E550322C}.Release|Any CPU.ActiveCfg = Release|Any CPU
		{F5B5E487-1C13-4864-A2B2-73A8E550322C}.Release|Any CPU.Build.0 = Release|Any CPU
		{D04B7E69-1C6C-4685-B79C-9D68572EF3C7}.Debug|Any CPU.ActiveCfg = Debug|Any CPU
		{D04B7E69-1C6C-4685-B79C-9D68572EF3C7}.Debug|Any CPU.Build.0 = Debug|Any CPU
		{D04B7E69-1C6C-4685-B79C-9D68572EF3C7}.Release|Any CPU.ActiveCfg = Release|Any CPU
		{D04B7E69-1C6C-4685-B79C-9D68572EF3C7}.Release|Any CPU.Build.0 = Release|Any CPU
		{0369C167-6A40-4C00-9691-18FEA20BB082}.Debug|Any CPU.ActiveCfg = Debug|Any CPU
		{0369C167-6A40-4C00-9691-18FEA20BB082}.Debug|Any CPU.Build.0 = Debug|Any CPU
		{0369C167-6A40-4C00-9691-18FEA20BB082}.Release|Any CPU.ActiveCfg = Release|Any CPU
		{0369C167-6A40-4C00-9691-18FEA20BB082}.Release|Any CPU.Build.0 = Release|Any CPU
	EndGlobalSection
	GlobalSection(SolutionProperties) = preSolution
		HideSolutionNode = FALSE
	EndGlobalSection
	GlobalSection(ExtensibilityGlobals) = postSolution
		SolutionGuid = {35661CC0-D319-4F1D-A9EC-CBFF007DF221}
	EndGlobalSection
EndGlobal
