
Microsoft Visual Studio Solution File, Format Version 12.00
# Visual Studio Version 16
VisualStudioVersion = 16.0.29521.150
MinimumVisualStudioVersion = 10.0.40219.1
Project("{9A19103F-16F7-4668-BE54-9A1E7A4F7556}") = "MQTTClientTest", "MQTTClientTest\MQTTClientTest.csproj", "{D9D0B231-41F6-419D-9C8A-CF6807C39D76}"
EndProject
Project("{9A19103F-16F7-4668-BE54-9A1E7A4F7556}") = "MQTTServerTest", "MQTTServerTest\MQTTServerTest.csproj", "{4C4A645D-7EE7-4A97-B8CD-E4CF1C3C5553}"
EndProject
Global
	GlobalSection(SolutionConfigurationPlatforms) = preSolution
		Debug|Any CPU = Debug|Any CPU
		Release|Any CPU = Release|Any CPU
	EndGlobalSection
	GlobalSection(ProjectConfigurationPlatforms) = postSolution
		{D9D0B231-41F6-419D-9C8A-CF6807C39D76}.Debug|Any CPU.ActiveCfg = Debug|Any CPU
		{D9D0B231-41F6-419D-9C8A-CF6807C39D76}.Debug|Any CPU.Build.0 = Debug|Any CPU
		{D9D0B231-41F6-419D-9C8A-CF6807C39D76}.Release|Any CPU.ActiveCfg = Release|Any CPU
		{D9D0B231-41F6-419D-9C8A-CF6807C39D76}.Release|Any CPU.Build.0 = Release|Any CPU
		{4C4A645D-7EE7-4A97-B8CD-E4CF1C3C5553}.Debug|Any CPU.ActiveCfg = Debug|Any CPU
		{4C4A645D-7EE7-4A97-B8CD-E4CF1C3C5553}.Debug|Any CPU.Build.0 = Debug|Any CPU
		{4C4A645D-7EE7-4A97-B8CD-E4CF1C3C5553}.Release|Any CPU.ActiveCfg = Release|Any CPU
		{4C4A645D-7EE7-4A97-B8CD-E4CF1C3C5553}.Release|Any CPU.Build.0 = Release|Any CPU
	EndGlobalSection
	GlobalSection(SolutionProperties) = preSolution
		HideSolutionNode = FALSE
	EndGlobalSection
	GlobalSection(ExtensibilityGlobals) = postSolution
		SolutionGuid = {726DE8FE-DB97-4775-A28D-5A88680AD1CE}
	EndGlobalSection
EndGlobal
