
Microsoft Visual Studio Solution File, Format Version 12.00
# Visual Studio Version 16
VisualStudioVersion = 16.0.29521.150
MinimumVisualStudioVersion = 10.0.40219.1
Project("{FAE04EC0-301F-11D3-BF4B-00C04F79EFBC}") = "Client", "Client\Client.csproj", "{51CD37A8-5F81-4754-ADDB-D3D257B44716}"
EndProject
Project("{FAE04EC0-301F-11D3-BF4B-00C04F79EFBC}") = "Server", "Server\Server.csproj", "{C50D9DE9-85D1-47E9-B713-8095C3DCA168}"
EndProject
Global
	GlobalSection(SolutionConfigurationPlatforms) = preSolution
		Debug|Any CPU = Debug|Any CPU
		Release|Any CPU = Release|Any CPU
	EndGlobalSection
	GlobalSection(ProjectConfigurationPlatforms) = postSolution
		{51CD37A8-5F81-4754-ADDB-D3D257B44716}.Debug|Any CPU.ActiveCfg = Debug|Any CPU
		{51CD37A8-5F81-4754-ADDB-D3D257B44716}.Debug|Any CPU.Build.0 = Debug|Any CPU
		{51CD37A8-5F81-4754-ADDB-D3D257B44716}.Release|Any CPU.ActiveCfg = Release|Any CPU
		{51CD37A8-5F81-4754-ADDB-D3D257B44716}.Release|Any CPU.Build.0 = Release|Any CPU
		{C50D9DE9-85D1-47E9-B713-8095C3DCA168}.Debug|Any CPU.ActiveCfg = Debug|Any CPU
		{C50D9DE9-85D1-47E9-B713-8095C3DCA168}.Debug|Any CPU.Build.0 = Debug|Any CPU
		{C50D9DE9-85D1-47E9-B713-8095C3DCA168}.Release|Any CPU.ActiveCfg = Release|Any CPU
		{C50D9DE9-85D1-47E9-B713-8095C3DCA168}.Release|Any CPU.Build.0 = Release|Any CPU
	EndGlobalSection
	GlobalSection(SolutionProperties) = preSolution
		HideSolutionNode = FALSE
	EndGlobalSection
	GlobalSection(ExtensibilityGlobals) = postSolution
		SolutionGuid = {04287E85-FA15-4C6A-B5FE-EAD2E8F94D24}
	EndGlobalSection
EndGlobal
